# generated by rye
# use `rye lock` or `rye sync` to update this lockfile
#
# last locked with the following flags:
#   pre: false
#   features: []
#   all-features: false
#   with-sources: false

-e file:.
kodistubs==21.0.0
    # via plugin-service-catftp-server
pyftpdlib==1.5.9
    # via plugin-service-catftp-server
